// !$*UTF8*$!
{
	archiveVersion = 1;
	classes = {
	};
	objectVersion = 54;
	objects = {

/* Begin PBXBuildFile section */
		992A79922C81E3A50053159D /* EasyToast in Frameworks */ = {isa = PBXBuildFile; productRef = 992A79912C81E3A50053159D /* EasyToast */; };
		994625932C71CC9000FC2C6A /* Localize_Swift in Frameworks */ = {isa = PBXBuildFile; productRef = 994625922C71CC9000FC2C6A /* Localize_Swift */; };
		994625962C71CC9A00FC2C6A /* GoogleMobileAds in Frameworks */ = {isa = PBXBuildFile; productRef = 994625952C71CC9A00FC2C6A /* GoogleMobileAds */; };
		9946259E2C71CD5700FC2C6A /* Then in Frameworks */ = {isa = PBXBuildFile; productRef = 9946259D2C71CD5700FC2C6A /* Then */; };
		994625A12C71CD9600FC2C6A /* SnapKit in Frameworks */ = {isa = PBXBuildFile; productRef = 994625A02C71CD9600FC2C6A /* SnapKit */; };
		994625A32C720A2800FC2C6A /* Match3GameApp.swift in Sources */ = {isa = PBXBuildFile; fileRef = 994625A22C720A2800FC2C6A /* Match3GameApp.swift */; };
		994625A52C720A6C00FC2C6A /* MainView.swift in Sources */ = {isa = PBXBuildFile; fileRef = 994625A42C720A6C00FC2C6A /* MainView.swift */; };
		994625A72C720AA600FC2C6A /* SelectLevelView.swift in Sources */ = {isa = PBXBuildFile; fileRef = 994625A62C720AA600FC2C6A /* SelectLevelView.swift */; };
		994625A92C720AE900FC2C6A /* GameView.swift in Sources */ = {isa = PBXBuildFile; fileRef = 994625A82C720AE900FC2C6A /* GameView.swift */; };
		994625AC2C720E5600FC2C6A /* GameModel.swift in Sources */ = {isa = PBXBuildFile; fileRef = 994625AB2C720E5600FC2C6A /* GameModel.swift */; };
		994625B22C7493ED00FC2C6A /* LevelCompleteView.swift in Sources */ = {isa = PBXBuildFile; fileRef = 994625B12C7493ED00FC2C6A /* LevelCompleteView.swift */; };
		994625B42C74A06000FC2C6A /* LevelFailedView.swift in Sources */ = {isa = PBXBuildFile; fileRef = 994625B32C74A06000FC2C6A /* LevelFailedView.swift */; };
		994625B62C74A3D700FC2C6A /* SettingsView.swift in Sources */ = {isa = PBXBuildFile; fileRef = 994625B52C74A3D700FC2C6A /* SettingsView.swift */; };
		994625B92C74A3F700FC2C6A /* SelectZodiacView.swift in Sources */ = {isa = PBXBuildFile; fileRef = 994625B82C74A3F700FC2C6A /* SelectZodiacView.swift */; };
		994625BB2C76022C00FC2C6A /* Zodiac.swift in Sources */ = {isa = PBXBuildFile; fileRef = 994625BA2C76022C00FC2C6A /* Zodiac.swift */; };
		994625BD2C76092000FC2C6A /* SKSpriteNode+Entension.swift in Sources */ = {isa = PBXBuildFile; fileRef = 994625BC2C76092000FC2C6A /* SKSpriteNode+Entension.swift */; };
		994625BF2C784CCB00FC2C6A /* ThemeModel.swift in Sources */ = {isa = PBXBuildFile; fileRef = 994625BE2C784CCB00FC2C6A /* ThemeModel.swift */; };
		994625C12C7860CD00FC2C6A /* SettingModel.swift in Sources */ = {isa = PBXBuildFile; fileRef = 994625C02C7860CD00FC2C6A /* SettingModel.swift */; };
		994625C32C7AB14600FC2C6A /* LevelGoal.swift in Sources */ = {isa = PBXBuildFile; fileRef = 994625C22C7AB14600FC2C6A /* LevelGoal.swift */; };
		994625C62C7AC31F00FC2C6A /* LevelTarget.swift in Sources */ = {isa = PBXBuildFile; fileRef = 994625C52C7AC31F00FC2C6A /* LevelTarget.swift */; };
		9949A9232C8035E20027C480 /* ZodiacRecord.swift in Sources */ = {isa = PBXBuildFile; fileRef = 9949A9222C8035E20027C480 /* ZodiacRecord.swift */; };
		9949A9262C8035EF0027C480 /* LevelRecord.swift in Sources */ = {isa = PBXBuildFile; fileRef = 9949A9252C8035EF0027C480 /* LevelRecord.swift */; };
		9949A9282C805FAA0027C480 /* RecorderManager.swift in Sources */ = {isa = PBXBuildFile; fileRef = 9949A9272C805FAA0027C480 /* RecorderManager.swift */; };
		9955DB9823D7E424007786D5 /* Assets.xcassets in Resources */ = {isa = PBXBuildFile; fileRef = 9955DB9723D7E424007786D5 /* Assets.xcassets */; };
		9955DB9B23D7E424007786D5 /* LaunchScreen.storyboard in Resources */ = {isa = PBXBuildFile; fileRef = 9955DB9923D7E424007786D5 /* LaunchScreen.storyboard */; };
		9955DBA423D7E4D2007786D5 /* SKSpriteNode+Extension.swift in Sources */ = {isa = PBXBuildFile; fileRef = 9955DBA323D7E4D2007786D5 /* SKSpriteNode+Extension.swift */; };
		9955DBAE23D7E4E4007786D5 /* LevelData.swift in Sources */ = {isa = PBXBuildFile; fileRef = 9955DBA523D7E4E3007786D5 /* LevelData.swift */; };
		9955DBAF23D7E4E4007786D5 /* Chain.swift in Sources */ = {isa = PBXBuildFile; fileRef = 9955DBA623D7E4E3007786D5 /* Chain.swift */; };
		9955DBB023D7E4E4007786D5 /* Array2D.swift in Sources */ = {isa = PBXBuildFile; fileRef = 9955DBA723D7E4E3007786D5 /* Array2D.swift */; };
		9955DBB123D7E4E4007786D5 /* Tile.swift in Sources */ = {isa = PBXBuildFile; fileRef = 9955DBA823D7E4E3007786D5 /* Tile.swift */; };
		9955DBB223D7E4E4007786D5 /* Swap.swift in Sources */ = {isa = PBXBuildFile; fileRef = 9955DBA923D7E4E4007786D5 /* Swap.swift */; };
		9955DBB423D7E4E4007786D5 /* Symbol.swift in Sources */ = {isa = PBXBuildFile; fileRef = 9955DBAB23D7E4E4007786D5 /* Symbol.swift */; };
		9955DBB523D7E4E4007786D5 /* Level.swift in Sources */ = {isa = PBXBuildFile; fileRef = 9955DBAC23D7E4E4007786D5 /* Level.swift */; };
		9955DBB623D7E4E4007786D5 /* GameScene.swift in Sources */ = {isa = PBXBuildFile; fileRef = 9955DBAD23D7E4E4007786D5 /* GameScene.swift */; };
		9955DBBE23D7E680007786D5 /* Grid.atlas in Resources */ = {isa = PBXBuildFile; fileRef = 9955DBBC23D7E680007786D5 /* Grid.atlas */; };
		9955DBBF23D7E680007786D5 /* Sprites.atlas in Resources */ = {isa = PBXBuildFile; fileRef = 9955DBBD23D7E680007786D5 /* Sprites.atlas */; };
		9955DBC923D7E852007786D5 /* Scrape.wav in Resources */ = {isa = PBXBuildFile; fileRef = 9955DBC123D7E852007786D5 /* Scrape.wav */; };
		9955DBCB23D7E852007786D5 /* Ka-Ching.wav in Resources */ = {isa = PBXBuildFile; fileRef = 9955DBC323D7E852007786D5 /* Ka-Ching.wav */; };
		9955DBCD23D7E852007786D5 /* Drip.wav in Resources */ = {isa = PBXBuildFile; fileRef = 9955DBC523D7E852007786D5 /* Drip.wav */; };
		9955DBCE23D7E852007786D5 /* Chomp.wav in Resources */ = {isa = PBXBuildFile; fileRef = 9955DBC623D7E852007786D5 /* Chomp.wav */; };
		9955DBCF23D7E852007786D5 /* Error.wav in Resources */ = {isa = PBXBuildFile; fileRef = 9955DBC723D7E852007786D5 /* Error.wav */; };
		9955DBD023D7E852007786D5 /* Chinatown.mp3 in Resources */ = {isa = PBXBuildFile; fileRef = 9955DBC823D7E852007786D5 /* Chinatown.mp3 */; };
		9955DBD723D7E8D1007786D5 /* Rat_Level_3.json in Resources */ = {isa = PBXBuildFile; fileRef = 9955DBD223D7E8D1007786D5 /* Rat_Level_3.json */; };
		9955DBD823D7E8D1007786D5 /* Rat_Level_8.json in Resources */ = {isa = PBXBuildFile; fileRef = 9955DBD323D7E8D1007786D5 /* Rat_Level_8.json */; };
		9955DBD923D7E8D1007786D5 /* Ox_Level_5.json in Resources */ = {isa = PBXBuildFile; fileRef = 9955DBD423D7E8D1007786D5 /* Ox_Level_5.json */; };
		9955DBDA23D7E8D1007786D5 /* Rat_Level_1.json in Resources */ = {isa = PBXBuildFile; fileRef = 9955DBD523D7E8D1007786D5 /* Rat_Level_1.json */; };
		9955DBDB23D7E8D1007786D5 /* Rat_Level_2.json in Resources */ = {isa = PBXBuildFile; fileRef = 9955DBD623D7E8D1007786D5 /* Rat_Level_2.json */; };
		9955DBDF23D7EA14007786D5 /* Constants.swift in Sources */ = {isa = PBXBuildFile; fileRef = 9955DBDE23D7EA14007786D5 /* Constants.swift */; };
		9955DBE123D7F84D007786D5 /* Color+Extension.swift in Sources */ = {isa = PBXBuildFile; fileRef = 9955DBE023D7F84D007786D5 /* Color+Extension.swift */; };
		9955DBE523D7FE1B007786D5 /* Rat_Level_7.json in Resources */ = {isa = PBXBuildFile; fileRef = 9955DBE423D7FE07007786D5 /* Rat_Level_7.json */; };
		9955DBE723D805F8007786D5 /* swap.mp3 in Resources */ = {isa = PBXBuildFile; fileRef = 9955DBE623D805F8007786D5 /* swap.mp3 */; };
		9955DBE823D80648007786D5 /* Localizable.strings in Resources */ = {isa = PBXBuildFile; fileRef = 9955DBEA23D80648007786D5 /* Localizable.strings */; };
		9955DBEE23D823F9007786D5 /* InfoPlist.strings in Resources */ = {isa = PBXBuildFile; fileRef = 9955DBF023D823F9007786D5 /* InfoPlist.strings */; };
		9967C2B12C818ECC008263AE /* EasyToast in Frameworks */ = {isa = PBXBuildFile; productRef = 9967C2B02C818ECC008263AE /* EasyToast */; };
		996C6F0F2431E85700C54425 /* Ox_Level_6.json in Resources */ = {isa = PBXBuildFile; fileRef = 996C6F0A2431E85600C54425 /* Ox_Level_6.json */; };
		996C6F102431E85700C54425 /* Ox_Level_8.json in Resources */ = {isa = PBXBuildFile; fileRef = 996C6F0B2431E85600C54425 /* Ox_Level_8.json */; };
		996C6F112431E85700C54425 /* Ox_Level_10.json in Resources */ = {isa = PBXBuildFile; fileRef = 996C6F0C2431E85700C54425 /* Ox_Level_10.json */; };
		996C6F122431E85700C54425 /* Ox_Level_9.json in Resources */ = {isa = PBXBuildFile; fileRef = 996C6F0D2431E85700C54425 /* Ox_Level_9.json */; };
		996C6F132431E85700C54425 /* Ox_Level_7.json in Resources */ = {isa = PBXBuildFile; fileRef = 996C6F0E2431E85700C54425 /* Ox_Level_7.json */; };
		9971C95325FC6705008CFCF9 /* AdManager.swift in Sources */ = {isa = PBXBuildFile; fileRef = 9971C95225FC6705008CFCF9 /* AdManager.swift */; };
		9971C95425FC6705008CFCF9 /* UIFont+Extension.swift in Sources */ = {isa = PBXBuildFile; fileRef = 9971C95125FC6705008CFCF9 /* UIFont+Extension.swift */; };
		9971C95525FC6705008CFCF9 /* UIButtonLargerArea.swift in Sources */ = {isa = PBXBuildFile; fileRef = 9971C95025FC6705008CFCF9 /* UIButtonLargerArea.swift */; };
		9971C95E25FC6753008CFCF9 /* AppItem.swift in Sources */ = {isa = PBXBuildFile; fileRef = 9971C95D25FC6753008CFCF9 /* AppItem.swift */; };
		99AA8BEB23D95915001EBD04 /* Colorful.mp3 in Resources */ = {isa = PBXBuildFile; fileRef = 99AA8BEA23D95915001EBD04 /* Colorful.mp3 */; };
		99AA8BED23D9597B001EBD04 /* BackgroundMusicManager.swift in Sources */ = {isa = PBXBuildFile; fileRef = 99AA8BEC23D9597B001EBD04 /* BackgroundMusicManager.swift */; };
		99AA8BF223D95D7E001EBD04 /* Rat_Level_4.json in Resources */ = {isa = PBXBuildFile; fileRef = 99AA8BF123D95D77001EBD04 /* Rat_Level_4.json */; };
		99AA8BF523D95DDA001EBD04 /* Rat_Level_5.json in Resources */ = {isa = PBXBuildFile; fileRef = 99AA8BF323D95DA0001EBD04 /* Rat_Level_5.json */; };
		99AA8BF623D95E01001EBD04 /* Rat_Level_9.json in Resources */ = {isa = PBXBuildFile; fileRef = 99AA8BEE23D95CF4001EBD04 /* Rat_Level_9.json */; };
		99AA8BF723D95E07001EBD04 /* Rat_Level_6.json in Resources */ = {isa = PBXBuildFile; fileRef = 99AA8BF423D95DD2001EBD04 /* Rat_Level_6.json */; };
		99AA8BF923D99946001EBD04 /* glitter-blast.mp3 in Resources */ = {isa = PBXBuildFile; fileRef = 99AA8BF823D99946001EBD04 /* glitter-blast.mp3 */; };
		99CDEC3523F5216C0066B308 /* Ox_Level_3.json in Resources */ = {isa = PBXBuildFile; fileRef = 99CDEC3023F5216B0066B308 /* Ox_Level_3.json */; };
		99CDEC3623F5216C0066B308 /* Ox_Level_1.json in Resources */ = {isa = PBXBuildFile; fileRef = 99CDEC3123F5216C0066B308 /* Ox_Level_1.json */; };
		99CDEC3723F5216C0066B308 /* Rat_Level_10.json in Resources */ = {isa = PBXBuildFile; fileRef = 99CDEC3223F5216C0066B308 /* Rat_Level_10.json */; };
		99CDEC3823F5216C0066B308 /* Ox_Level_4.json in Resources */ = {isa = PBXBuildFile; fileRef = 99CDEC3323F5216C0066B308 /* Ox_Level_4.json */; };
		99CDEC3923F5216C0066B308 /* Ox_Level_2.json in Resources */ = {isa = PBXBuildFile; fileRef = 99CDEC3423F5216C0066B308 /* Ox_Level_2.json */; };
/* End PBXBuildFile section */

/* Begin PBXFileReference section */
		99340CE02C715DC20096BBF5 /* Debug.xcconfig */ = {isa = PBXFileReference; lastKnownFileType = text.xcconfig; path = Debug.xcconfig; sourceTree = "<group>"; };
		99340CE42C7160AF0096BBF5 /* Release.xcconfig */ = {isa = PBXFileReference; lastKnownFileType = text.xcconfig; path = Release.xcconfig; sourceTree = "<group>"; };
		994625A22C720A2800FC2C6A /* Match3GameApp.swift */ = {isa = PBXFileReference; lastKnownFileType = sourcecode.swift; path = Match3GameApp.swift; sourceTree = "<group>"; };
		994625A42C720A6C00FC2C6A /* MainView.swift */ = {isa = PBXFileReference; lastKnownFileType = sourcecode.swift; path = MainView.swift; sourceTree = "<group>"; };
		994625A62C720AA600FC2C6A /* SelectLevelView.swift */ = {isa = PBXFileReference; lastKnownFileType = sourcecode.swift; path = SelectLevelView.swift; sourceTree = "<group>"; };
		994625A82C720AE900FC2C6A /* GameView.swift */ = {isa = PBXFileReference; lastKnownFileType = sourcecode.swift; path = GameView.swift; sourceTree = "<group>"; };
		994625AB2C720E5600FC2C6A /* GameModel.swift */ = {isa = PBXFileReference; lastKnownFileType = sourcecode.swift; path = GameModel.swift; sourceTree = "<group>"; };
		994625B12C7493ED00FC2C6A /* LevelCompleteView.swift */ = {isa = PBXFileReference; lastKnownFileType = sourcecode.swift; path = LevelCompleteView.swift; sourceTree = "<group>"; };
		994625B32C74A06000FC2C6A /* LevelFailedView.swift */ = {isa = PBXFileReference; lastKnownFileType = sourcecode.swift; path = LevelFailedView.swift; sourceTree = "<group>"; };
		994625B52C74A3D700FC2C6A /* SettingsView.swift */ = {isa = PBXFileReference; fileEncoding = 4; lastKnownFileType = sourcecode.swift; path = SettingsView.swift; sourceTree = "<group>"; };
		994625B82C74A3F700FC2C6A /* SelectZodiacView.swift */ = {isa = PBXFileReference; lastKnownFileType = sourcecode.swift; path = SelectZodiacView.swift; sourceTree = "<group>"; };
		994625BA2C76022C00FC2C6A /* Zodiac.swift */ = {isa = PBXFileReference; lastKnownFileType = sourcecode.swift; path = Zodiac.swift; sourceTree = "<group>"; };
		994625BC2C76092000FC2C6A /* SKSpriteNode+Entension.swift */ = {isa = PBXFileReference; lastKnownFileType = sourcecode.swift; path = "SKSpriteNode+Entension.swift"; sourceTree = "<group>"; };
		994625BE2C784CCB00FC2C6A /* ThemeModel.swift */ = {isa = PBXFileReference; lastKnownFileType = sourcecode.swift; path = ThemeModel.swift; sourceTree = "<group>"; };
		994625C02C7860CD00FC2C6A /* SettingModel.swift */ = {isa = PBXFileReference; lastKnownFileType = sourcecode.swift; path = SettingModel.swift; sourceTree = "<group>"; };
		994625C22C7AB14600FC2C6A /* LevelGoal.swift */ = {isa = PBXFileReference; lastKnownFileType = sourcecode.swift; path = LevelGoal.swift; sourceTree = "<group>"; };
		994625C52C7AC31F00FC2C6A /* LevelTarget.swift */ = {isa = PBXFileReference; lastKnownFileType = sourcecode.swift; path = LevelTarget.swift; sourceTree = "<group>"; };
		9949A9222C8035E20027C480 /* ZodiacRecord.swift */ = {isa = PBXFileReference; lastKnownFileType = sourcecode.swift; path = ZodiacRecord.swift; sourceTree = "<group>"; };
		9949A9252C8035EF0027C480 /* LevelRecord.swift */ = {isa = PBXFileReference; lastKnownFileType = sourcecode.swift; path = LevelRecord.swift; sourceTree = "<group>"; };
		9949A9272C805FAA0027C480 /* RecorderManager.swift */ = {isa = PBXFileReference; lastKnownFileType = sourcecode.swift; path = RecorderManager.swift; sourceTree = "<group>"; };
		9955DB8723D7E420007786D5 /* SpringFestivalCrush.app */ = {isa = PBXFileReference; explicitFileType = wrapper.application; includeInIndex = 0; path = SpringFestivalCrush.app; sourceTree = BUILT_PRODUCTS_DIR; };
		9955DB9723D7E424007786D5 /* Assets.xcassets */ = {isa = PBXFileReference; lastKnownFileType = folder.assetcatalog; path = Assets.xcassets; sourceTree = "<group>"; };
		9955DB9A23D7E424007786D5 /* Base */ = {isa = PBXFileReference; lastKnownFileType = file.storyboard; name = Base; path = Base.lproj/LaunchScreen.storyboard; sourceTree = "<group>"; };
		9955DB9C23D7E424007786D5 /* Info.plist */ = {isa = PBXFileReference; lastKnownFileType = text.plist.xml; path = Info.plist; sourceTree = "<group>"; };
		9955DBA323D7E4D2007786D5 /* SKSpriteNode+Extension.swift */ = {isa = PBXFileReference; fileEncoding = 4; lastKnownFileType = sourcecode.swift; path = "SKSpriteNode+Extension.swift"; sourceTree = "<group>"; };
		9955DBA523D7E4E3007786D5 /* LevelData.swift */ = {isa = PBXFileReference; fileEncoding = 4; lastKnownFileType = sourcecode.swift; path = LevelData.swift; sourceTree = "<group>"; };
		9955DBA623D7E4E3007786D5 /* Chain.swift */ = {isa = PBXFileReference; fileEncoding = 4; lastKnownFileType = sourcecode.swift; path = Chain.swift; sourceTree = "<group>"; };
		9955DBA723D7E4E3007786D5 /* Array2D.swift */ = {isa = PBXFileReference; fileEncoding = 4; lastKnownFileType = sourcecode.swift; path = Array2D.swift; sourceTree = "<group>"; };
		9955DBA823D7E4E3007786D5 /* Tile.swift */ = {isa = PBXFileReference; fileEncoding = 4; lastKnownFileType = sourcecode.swift; path = Tile.swift; sourceTree = "<group>"; };
		9955DBA923D7E4E4007786D5 /* Swap.swift */ = {isa = PBXFileReference; fileEncoding = 4; lastKnownFileType = sourcecode.swift; path = Swap.swift; sourceTree = "<group>"; };
		9955DBAB23D7E4E4007786D5 /* Symbol.swift */ = {isa = PBXFileReference; fileEncoding = 4; lastKnownFileType = sourcecode.swift; path = Symbol.swift; sourceTree = "<group>"; };
		9955DBAC23D7E4E4007786D5 /* Level.swift */ = {isa = PBXFileReference; fileEncoding = 4; lastKnownFileType = sourcecode.swift; path = Level.swift; sourceTree = "<group>"; };
		9955DBAD23D7E4E4007786D5 /* GameScene.swift */ = {isa = PBXFileReference; fileEncoding = 4; lastKnownFileType = sourcecode.swift; path = GameScene.swift; sourceTree = "<group>"; };
		9955DBBC23D7E680007786D5 /* Grid.atlas */ = {isa = PBXFileReference; lastKnownFileType = folder.skatlas; path = Grid.atlas; sourceTree = "<group>"; };
		9955DBBD23D7E680007786D5 /* Sprites.atlas */ = {isa = PBXFileReference; lastKnownFileType = folder.skatlas; path = Sprites.atlas; sourceTree = "<group>"; };
		9955DBC123D7E852007786D5 /* Scrape.wav */ = {isa = PBXFileReference; lastKnownFileType = audio.wav; path = Scrape.wav; sourceTree = "<group>"; };
		9955DBC323D7E852007786D5 /* Ka-Ching.wav */ = {isa = PBXFileReference; lastKnownFileType = audio.wav; path = "Ka-Ching.wav"; sourceTree = "<group>"; };
		9955DBC523D7E852007786D5 /* Drip.wav */ = {isa = PBXFileReference; lastKnownFileType = audio.wav; path = Drip.wav; sourceTree = "<group>"; };
		9955DBC623D7E852007786D5 /* Chomp.wav */ = {isa = PBXFileReference; lastKnownFileType = audio.wav; path = Chomp.wav; sourceTree = "<group>"; };
		9955DBC723D7E852007786D5 /* Error.wav */ = {isa = PBXFileReference; lastKnownFileType = audio.wav; path = Error.wav; sourceTree = "<group>"; };
		9955DBC823D7E852007786D5 /* Chinatown.mp3 */ = {isa = PBXFileReference; lastKnownFileType = audio.mp3; path = Chinatown.mp3; sourceTree = "<group>"; };
		9955DBD223D7E8D1007786D5 /* Rat_Level_3.json */ = {isa = PBXFileReference; fileEncoding = 4; lastKnownFileType = text.json; path = Rat_Level_3.json; sourceTree = "<group>"; };
		9955DBD323D7E8D1007786D5 /* Rat_Level_8.json */ = {isa = PBXFileReference; fileEncoding = 4; lastKnownFileType = text.json; path = Rat_Level_8.json; sourceTree = "<group>"; };
		9955DBD423D7E8D1007786D5 /* Ox_Level_5.json */ = {isa = PBXFileReference; fileEncoding = 4; lastKnownFileType = text.json; path = Ox_Level_5.json; sourceTree = "<group>"; };
		9955DBD523D7E8D1007786D5 /* Rat_Level_1.json */ = {isa = PBXFileReference; fileEncoding = 4; lastKnownFileType = text.json; path = Rat_Level_1.json; sourceTree = "<group>"; };
		9955DBD623D7E8D1007786D5 /* Rat_Level_2.json */ = {isa = PBXFileReference; fileEncoding = 4; lastKnownFileType = text.json; path = Rat_Level_2.json; sourceTree = "<group>"; };
		9955DBDE23D7EA14007786D5 /* Constants.swift */ = {isa = PBXFileReference; fileEncoding = 4; lastKnownFileType = sourcecode.swift; path = Constants.swift; sourceTree = "<group>"; };
		9955DBE023D7F84D007786D5 /* Color+Extension.swift */ = {isa = PBXFileReference; fileEncoding = 4; lastKnownFileType = sourcecode.swift; path = "Color+Extension.swift"; sourceTree = "<group>"; };
		9955DBE423D7FE07007786D5 /* Rat_Level_7.json */ = {isa = PBXFileReference; lastKnownFileType = text.json; path = Rat_Level_7.json; sourceTree = "<group>"; };
		9955DBE623D805F8007786D5 /* swap.mp3 */ = {isa = PBXFileReference; lastKnownFileType = audio.mp3; path = swap.mp3; sourceTree = "<group>"; };
		9955DBE923D80648007786D5 /* en */ = {isa = PBXFileReference; lastKnownFileType = text.plist.strings; name = en; path = en.lproj/Localizable.strings; sourceTree = "<group>"; };
		9955DBEB23D80658007786D5 /* zh-Hans */ = {isa = PBXFileReference; lastKnownFileType = text.plist.strings; name = "zh-Hans"; path = "zh-Hans.lproj/Localizable.strings"; sourceTree = "<group>"; };
		9955DBEF23D823F9007786D5 /* en */ = {isa = PBXFileReference; lastKnownFileType = text.plist.strings; name = en; path = en.lproj/InfoPlist.strings; sourceTree = "<group>"; };
		9955DBF123D823FA007786D5 /* zh-Hans */ = {isa = PBXFileReference; lastKnownFileType = text.plist.strings; name = "zh-Hans"; path = "zh-Hans.lproj/InfoPlist.strings"; sourceTree = "<group>"; };
		996C6F0A2431E85600C54425 /* Ox_Level_6.json */ = {isa = PBXFileReference; fileEncoding = 4; lastKnownFileType = text.json; path = Ox_Level_6.json; sourceTree = "<group>"; };
		996C6F0B2431E85600C54425 /* Ox_Level_8.json */ = {isa = PBXFileReference; fileEncoding = 4; lastKnownFileType = text.json; path = Ox_Level_8.json; sourceTree = "<group>"; };
		996C6F0C2431E85700C54425 /* Ox_Level_10.json */ = {isa = PBXFileReference; fileEncoding = 4; lastKnownFileType = text.json; path = Ox_Level_10.json; sourceTree = "<group>"; };
		996C6F0D2431E85700C54425 /* Ox_Level_9.json */ = {isa = PBXFileReference; fileEncoding = 4; lastKnownFileType = text.json; path = Ox_Level_9.json; sourceTree = "<group>"; };
		996C6F0E2431E85700C54425 /* Ox_Level_7.json */ = {isa = PBXFileReference; fileEncoding = 4; lastKnownFileType = text.json; path = Ox_Level_7.json; sourceTree = "<group>"; };
		9971C95025FC6705008CFCF9 /* UIButtonLargerArea.swift */ = {isa = PBXFileReference; lastKnownFileType = sourcecode.swift; path = UIButtonLargerArea.swift; sourceTree = "<group>"; };
		9971C95125FC6705008CFCF9 /* UIFont+Extension.swift */ = {isa = PBXFileReference; lastKnownFileType = sourcecode.swift; path = "UIFont+Extension.swift"; sourceTree = "<group>"; };
		9971C95225FC6705008CFCF9 /* AdManager.swift */ = {isa = PBXFileReference; lastKnownFileType = sourcecode.swift; path = AdManager.swift; sourceTree = "<group>"; };
		9971C95D25FC6753008CFCF9 /* AppItem.swift */ = {isa = PBXFileReference; lastKnownFileType = sourcecode.swift; path = AppItem.swift; sourceTree = "<group>"; };
		9971C97C25FC67FB008CFCF9 /* zh-Hant */ = {isa = PBXFileReference; lastKnownFileType = text.plist.strings; name = "zh-Hant"; path = "zh-Hant.lproj/InfoPlist.strings"; sourceTree = "<group>"; };
		9971C97D25FC67FC008CFCF9 /* zh-Hant */ = {isa = PBXFileReference; lastKnownFileType = text.plist.strings; name = "zh-Hant"; path = "zh-Hant.lproj/Localizable.strings"; sourceTree = "<group>"; };
		99AA8BEA23D95915001EBD04 /* Colorful.mp3 */ = {isa = PBXFileReference; lastKnownFileType = audio.mp3; path = Colorful.mp3; sourceTree = "<group>"; };
		99AA8BEC23D9597B001EBD04 /* BackgroundMusicManager.swift */ = {isa = PBXFileReference; fileEncoding = 4; lastKnownFileType = sourcecode.swift; path = BackgroundMusicManager.swift; sourceTree = "<group>"; };
		99AA8BEE23D95CF4001EBD04 /* Rat_Level_9.json */ = {isa = PBXFileReference; lastKnownFileType = text.json; path = Rat_Level_9.json; sourceTree = "<group>"; };
		99AA8BF123D95D77001EBD04 /* Rat_Level_4.json */ = {isa = PBXFileReference; lastKnownFileType = text.json; path = Rat_Level_4.json; sourceTree = "<group>"; };
		99AA8BF323D95DA0001EBD04 /* Rat_Level_5.json */ = {isa = PBXFileReference; lastKnownFileType = text.json; path = Rat_Level_5.json; sourceTree = "<group>"; };
		99AA8BF423D95DD2001EBD04 /* Rat_Level_6.json */ = {isa = PBXFileReference; lastKnownFileType = text.json; path = Rat_Level_6.json; sourceTree = "<group>"; };
		99AA8BF823D99946001EBD04 /* glitter-blast.mp3 */ = {isa = PBXFileReference; lastKnownFileType = audio.mp3; path = "glitter-blast.mp3"; sourceTree = "<group>"; };
		99CDEC3023F5216B0066B308 /* Ox_Level_3.json */ = {isa = PBXFileReference; fileEncoding = 4; lastKnownFileType = text.json; path = Ox_Level_3.json; sourceTree = "<group>"; };
		99CDEC3123F5216C0066B308 /* Ox_Level_1.json */ = {isa = PBXFileReference; fileEncoding = 4; lastKnownFileType = text.json; path = Ox_Level_1.json; sourceTree = "<group>"; };
		99CDEC3223F5216C0066B308 /* Rat_Level_10.json */ = {isa = PBXFileReference; fileEncoding = 4; lastKnownFileType = text.json; path = Rat_Level_10.json; sourceTree = "<group>"; };
		99CDEC3323F5216C0066B308 /* Ox_Level_4.json */ = {isa = PBXFileReference; fileEncoding = 4; lastKnownFileType = text.json; path = Ox_Level_4.json; sourceTree = "<group>"; };
		99CDEC3423F5216C0066B308 /* Ox_Level_2.json */ = {isa = PBXFileReference; fileEncoding = 4; lastKnownFileType = text.json; path = Ox_Level_2.json; sourceTree = "<group>"; };
/* End PBXFileReference section */

/* Begin PBXFrameworksBuildPhase section */
		9955DB8423D7E420007786D5 /* Frameworks */ = {
			isa = PBXFrameworksBuildPhase;
			buildActionMask = 2147483647;
			files = (
				992A79922C81E3A50053159D /* EasyToast in Frameworks */,
				9967C2B12C818ECC008263AE /* EasyToast in Frameworks */,
				9946259E2C71CD5700FC2C6A /* Then in Frameworks */,
				994625A12C71CD9600FC2C6A /* SnapKit in Frameworks */,
				994625962C71CC9A00FC2C6A /* GoogleMobileAds in Frameworks */,
				994625932C71CC9000FC2C6A /* Localize_Swift in Frameworks */,
			);
			runOnlyForDeploymentPostprocessing = 0;
		};
/* End PBXFrameworksBuildPhase section */

/* Begin PBXGroup section */
		9931ABFA2C83CB13004A4E66 /* bgMusic */ = {
			isa = PBXGroup;
			children = (
				99AA8BEA23D95915001EBD04 /* Colorful.mp3 */,
				9955DBC823D7E852007786D5 /* Chinatown.mp3 */,
				99AA8BF823D99946001EBD04 /* glitter-blast.mp3 */,
			);
			path = bgMusic;
			sourceTree = "<group>";
		};
		99340CE12C715EA50096BBF5 /* Config */ = {
			isa = PBXGroup;
			children = (
				99340CE02C715DC20096BBF5 /* Debug.xcconfig */,
				99340CE42C7160AF0096BBF5 /* Release.xcconfig */,
			);
			path = Config;
			sourceTree = "<group>";
		};
		994625C42C7AC30F00FC2C6A /* Level */ = {
			isa = PBXGroup;
			children = (
				994625BA2C76022C00FC2C6A /* Zodiac.swift */,
				9955DBAC23D7E4E4007786D5 /* Level.swift */,
				9955DBA523D7E4E3007786D5 /* LevelData.swift */,
				994625C22C7AB14600FC2C6A /* LevelGoal.swift */,
				994625C52C7AC31F00FC2C6A /* LevelTarget.swift */,
			);
			path = Level;
			sourceTree = "<group>";
		};
		9949A9212C8035D80027C480 /* Record */ = {
			isa = PBXGroup;
			children = (
				9949A9272C805FAA0027C480 /* RecorderManager.swift */,
				9949A9222C8035E20027C480 /* ZodiacRecord.swift */,
				9949A9252C8035EF0027C480 /* LevelRecord.swift */,
			);
			path = Record;
			sourceTree = "<group>";
		};
		9949A9292C8093110027C480 /* Rat */ = {
			isa = PBXGroup;
			children = (
				9955DBD523D7E8D1007786D5 /* Rat_Level_1.json */,
				9955DBD623D7E8D1007786D5 /* Rat_Level_2.json */,
				9955DBD223D7E8D1007786D5 /* Rat_Level_3.json */,
				99AA8BF123D95D77001EBD04 /* Rat_Level_4.json */,
				99AA8BF323D95DA0001EBD04 /* Rat_Level_5.json */,
				99AA8BF423D95DD2001EBD04 /* Rat_Level_6.json */,
				9955DBE423D7FE07007786D5 /* Rat_Level_7.json */,
				9955DBD323D7E8D1007786D5 /* Rat_Level_8.json */,
				99AA8BEE23D95CF4001EBD04 /* Rat_Level_9.json */,
				99CDEC3223F5216C0066B308 /* Rat_Level_10.json */,
			);
			path = Rat;
			sourceTree = "<group>";
		};
		9949A92A2C8095030027C480 /* Ox */ = {
			isa = PBXGroup;
			children = (
				99CDEC3123F5216C0066B308 /* Ox_Level_1.json */,
				99CDEC3423F5216C0066B308 /* Ox_Level_2.json */,
				99CDEC3023F5216B0066B308 /* Ox_Level_3.json */,
				99CDEC3323F5216C0066B308 /* Ox_Level_4.json */,
				9955DBD423D7E8D1007786D5 /* Ox_Level_5.json */,
				996C6F0A2431E85600C54425 /* Ox_Level_6.json */,
				996C6F0E2431E85700C54425 /* Ox_Level_7.json */,
				996C6F0B2431E85600C54425 /* Ox_Level_8.json */,
				996C6F0D2431E85700C54425 /* Ox_Level_9.json */,
				996C6F0C2431E85700C54425 /* Ox_Level_10.json */,
			);
			path = Ox;
			sourceTree = "<group>";
		};
		9955DB7E23D7E420007786D5 = {
			isa = PBXGroup;
			children = (
				9955DB8923D7E420007786D5 /* SpringFestivalCrush */,
				9955DB8823D7E420007786D5 /* Products */,
			);
			sourceTree = "<group>";
		};
		9955DB8823D7E420007786D5 /* Products */ = {
			isa = PBXGroup;
			children = (
				9955DB8723D7E420007786D5 /* SpringFestivalCrush.app */,
			);
			name = Products;
			sourceTree = "<group>";
		};
		9955DB8923D7E420007786D5 /* SpringFestivalCrush */ = {
			isa = PBXGroup;
			children = (
				994625A22C720A2800FC2C6A /* Match3GameApp.swift */,
				99340CE12C715EA50096BBF5 /* Config */,
				9955DBA223D7E4D2007786D5 /* Util */,
				9955DBB923D7E50C007786D5 /* Scene */,
				9955DBB723D7E505007786D5 /* Model */,
				9971C95725FC6713008CFCF9 /* View */,
				9955DBC023D7E852007786D5 /* Sounds */,
				9955DBD123D7E8D1007786D5 /* Levels */,
				9955DB9723D7E424007786D5 /* Assets.xcassets */,
				9955DBBC23D7E680007786D5 /* Grid.atlas */,
				9955DBBD23D7E680007786D5 /* Sprites.atlas */,
				9955DB9923D7E424007786D5 /* LaunchScreen.storyboard */,
				9955DB9C23D7E424007786D5 /* Info.plist */,
				9955DBF023D823F9007786D5 /* InfoPlist.strings */,
				9955DBEA23D80648007786D5 /* Localizable.strings */,
			);
			path = SpringFestivalCrush;
			sourceTree = "<group>";
		};
		9955DBA223D7E4D2007786D5 /* Util */ = {
			isa = PBXGroup;
			children = (
				9955DBA323D7E4D2007786D5 /* SKSpriteNode+Extension.swift */,
				9955DBDE23D7EA14007786D5 /* Constants.swift */,
				9955DBE023D7F84D007786D5 /* Color+Extension.swift */,
				9971C95225FC6705008CFCF9 /* AdManager.swift */,
				9971C95025FC6705008CFCF9 /* UIButtonLargerArea.swift */,
				9971C95125FC6705008CFCF9 /* UIFont+Extension.swift */,
				994625BC2C76092000FC2C6A /* SKSpriteNode+Entension.swift */,
			);
			path = Util;
			sourceTree = "<group>";
		};
		9955DBB723D7E505007786D5 /* Model */ = {
			isa = PBXGroup;
			children = (
				9980C05D2C83CDEB001C7EA5 /* Settings */,
				9980C05B2C83CDCE001C7EA5 /* Music */,
				9949A9212C8035D80027C480 /* Record */,
				994625C42C7AC30F00FC2C6A /* Level */,
				9980C05C2C83CDD4001C7EA5 /* Game */,
			);
			path = Model;
			sourceTree = "<group>";
		};
		9955DBB923D7E50C007786D5 /* Scene */ = {
			isa = PBXGroup;
			children = (
				9955DBAD23D7E4E4007786D5 /* GameScene.swift */,
			);
			path = Scene;
			sourceTree = "<group>";
		};
		9955DBC023D7E852007786D5 /* Sounds */ = {
			isa = PBXGroup;
			children = (
				9931ABFA2C83CB13004A4E66 /* bgMusic */,
				9955DBC123D7E852007786D5 /* Scrape.wav */,
				9955DBC323D7E852007786D5 /* Ka-Ching.wav */,
				9955DBC523D7E852007786D5 /* Drip.wav */,
				9955DBC623D7E852007786D5 /* Chomp.wav */,
				9955DBC723D7E852007786D5 /* Error.wav */,
				9955DBE623D805F8007786D5 /* swap.mp3 */,
			);
			path = Sounds;
			sourceTree = "<group>";
		};
		9955DBD123D7E8D1007786D5 /* Levels */ = {
			isa = PBXGroup;
			children = (
				9949A9292C8093110027C480 /* Rat */,
				9949A92A2C8095030027C480 /* Ox */,
			);
			path = Levels;
			sourceTree = "<group>";
		};
		9971C95725FC6713008CFCF9 /* View */ = {
			isa = PBXGroup;
			children = (
				994625A42C720A6C00FC2C6A /* MainView.swift */,
				9980C05E2C83CE1D001C7EA5 /* Settings */,
				994625A82C720AE900FC2C6A /* GameView.swift */,
				994625B32C74A06000FC2C6A /* LevelFailedView.swift */,
				994625B12C7493ED00FC2C6A /* LevelCompleteView.swift */,
				994625B82C74A3F700FC2C6A /* SelectZodiacView.swift */,
				994625A62C720AA600FC2C6A /* SelectLevelView.swift */,
			);
			path = View;
			sourceTree = "<group>";
		};
		9980C05B2C83CDCE001C7EA5 /* Music */ = {
			isa = PBXGroup;
			children = (
				99AA8BEC23D9597B001EBD04 /* BackgroundMusicManager.swift */,
			);
			path = Music;
			sourceTree = "<group>";
		};
		9980C05C2C83CDD4001C7EA5 /* Game */ = {
			isa = PBXGroup;
			children = (
				994625AB2C720E5600FC2C6A /* GameModel.swift */,
				9955DBAB23D7E4E4007786D5 /* Symbol.swift */,
				9955DBA623D7E4E3007786D5 /* Chain.swift */,
				9955DBA723D7E4E3007786D5 /* Array2D.swift */,
				9955DBA823D7E4E3007786D5 /* Tile.swift */,
				9955DBA923D7E4E4007786D5 /* Swap.swift */,
			);
			path = Game;
			sourceTree = "<group>";
		};
		9980C05D2C83CDEB001C7EA5 /* Settings */ = {
			isa = PBXGroup;
			children = (
				994625BE2C784CCB00FC2C6A /* ThemeModel.swift */,
				994625C02C7860CD00FC2C6A /* SettingModel.swift */,
				9971C95D25FC6753008CFCF9 /* AppItem.swift */,
			);
			path = Settings;
			sourceTree = "<group>";
		};
		9980C05E2C83CE1D001C7EA5 /* Settings */ = {
			isa = PBXGroup;
			children = (
				994625B52C74A3D700FC2C6A /* SettingsView.swift */,
			);
			path = Settings;
			sourceTree = "<group>";
		};
/* End PBXGroup section */

/* Begin PBXNativeTarget section */
		9955DB8623D7E420007786D5 /* SpringFestivalCrush */ = {
			isa = PBXNativeTarget;
			buildConfigurationList = 9955DB9F23D7E424007786D5 /* Build configuration list for PBXNativeTarget "SpringFestivalCrush" */;
			buildPhases = (
				9955DB8323D7E420007786D5 /* Sources */,
				9955DB8423D7E420007786D5 /* Frameworks */,
				9955DB8523D7E420007786D5 /* Resources */,
			);
			buildRules = (
			);
			dependencies = (
			);
			name = SpringFestivalCrush;
			packageProductDependencies = (
				994625922C71CC9000FC2C6A /* Localize_Swift */,
				994625952C71CC9A00FC2C6A /* GoogleMobileAds */,
				9946259D2C71CD5700FC2C6A /* Then */,
				994625A02C71CD9600FC2C6A /* SnapKit */,
				9967C2B02C818ECC008263AE /* EasyToast */,
				992A79912C81E3A50053159D /* EasyToast */,
			);
			productName = "Spring Festival Crush";
			productReference = 9955DB8723D7E420007786D5 /* SpringFestivalCrush.app */;
			productType = "com.apple.product-type.application";
		};
/* End PBXNativeTarget section */

/* Begin PBXProject section */
		9955DB7F23D7E420007786D5 /* Project object */ = {
			isa = PBXProject;
			attributes = {
				BuildIndependentTargetsInParallel = YES;
				LastSwiftUpdateCheck = 1120;
				LastUpgradeCheck = 1540;
				ORGANIZATIONNAME = "Banghua Zhao";
				TargetAttributes = {
					9955DB8623D7E420007786D5 = {
						CreatedOnToolsVersion = 11.2.1;
					};
				};
			};
			buildConfigurationList = 9955DB8223D7E420007786D5 /* Build configuration list for PBXProject "SpringFestivalCrush" */;
			compatibilityVersion = "Xcode 9.3";
			developmentRegion = en;
			hasScannedForEncodings = 0;
			knownRegions = (
				en,
				Base,
				"zh-Hans",
				"zh-Hant",
			);
			mainGroup = 9955DB7E23D7E420007786D5;
			packageReferences = (
				994625912C71CC9000FC2C6A /* XCRemoteSwiftPackageReference "Localize-Swift" */,
				994625942C71CC9A00FC2C6A /* XCRemoteSwiftPackageReference "swift-package-manager-google-mobile-ads" */,
				9946259C2C71CD5700FC2C6A /* XCRemoteSwiftPackageReference "Then" */,
				9946259F2C71CD9600FC2C6A /* XCRemoteSwiftPackageReference "SnapKit" */,
				992A79902C81E3A50053159D /* XCRemoteSwiftPackageReference "EasyToast" */,
			);
			productRefGroup = 9955DB8823D7E420007786D5 /* Products */;
			projectDirPath = "";
			projectRoot = "";
			targets = (
				9955DB8623D7E420007786D5 /* SpringFestivalCrush */,
			);
		};
/* End PBXProject section */

/* Begin PBXResourcesBuildPhase section */
		9955DB8523D7E420007786D5 /* Resources */ = {
			isa = PBXResourcesBuildPhase;
			buildActionMask = 2147483647;
			files = (
				99AA8BF923D99946001EBD04 /* glitter-blast.mp3 in Resources */,
				9955DBDB23D7E8D1007786D5 /* Rat_Level_2.json in Resources */,
				99CDEC3823F5216C0066B308 /* Ox_Level_4.json in Resources */,
				9955DBDA23D7E8D1007786D5 /* Rat_Level_1.json in Resources */,
				9955DBD723D7E8D1007786D5 /* Rat_Level_3.json in Resources */,
				9955DBCD23D7E852007786D5 /* Drip.wav in Resources */,
				9955DBCF23D7E852007786D5 /* Error.wav in Resources */,
				9955DBBF23D7E680007786D5 /* Sprites.atlas in Resources */,
				9955DBD023D7E852007786D5 /* Chinatown.mp3 in Resources */,
				99AA8BF523D95DDA001EBD04 /* Rat_Level_5.json in Resources */,
				996C6F102431E85700C54425 /* Ox_Level_8.json in Resources */,
				9955DBCE23D7E852007786D5 /* Chomp.wav in Resources */,
				9955DBEE23D823F9007786D5 /* InfoPlist.strings in Resources */,
				99AA8BF723D95E07001EBD04 /* Rat_Level_6.json in Resources */,
				9955DBE823D80648007786D5 /* Localizable.strings in Resources */,
				99CDEC3523F5216C0066B308 /* Ox_Level_3.json in Resources */,
				9955DBE523D7FE1B007786D5 /* Rat_Level_7.json in Resources */,
				996C6F112431E85700C54425 /* Ox_Level_10.json in Resources */,
				99AA8BF223D95D7E001EBD04 /* Rat_Level_4.json in Resources */,
				996C6F0F2431E85700C54425 /* Ox_Level_6.json in Resources */,
				99CDEC3623F5216C0066B308 /* Ox_Level_1.json in Resources */,
				996C6F122431E85700C54425 /* Ox_Level_9.json in Resources */,
				996C6F132431E85700C54425 /* Ox_Level_7.json in Resources */,
				9955DB9823D7E424007786D5 /* Assets.xcassets in Resources */,
				9955DBCB23D7E852007786D5 /* Ka-Ching.wav in Resources */,
				9955DBBE23D7E680007786D5 /* Grid.atlas in Resources */,
				99CDEC3923F5216C0066B308 /* Ox_Level_2.json in Resources */,
				9955DBD923D7E8D1007786D5 /* Ox_Level_5.json in Resources */,
				9955DB9B23D7E424007786D5 /* LaunchScreen.storyboard in Resources */,
				99AA8BF623D95E01001EBD04 /* Rat_Level_9.json in Resources */,
				99CDEC3723F5216C0066B308 /* Rat_Level_10.json in Resources */,
				99AA8BEB23D95915001EBD04 /* Colorful.mp3 in Resources */,
				9955DBD823D7E8D1007786D5 /* Rat_Level_8.json in Resources */,
				9955DBE723D805F8007786D5 /* swap.mp3 in Resources */,
				9955DBC923D7E852007786D5 /* Scrape.wav in Resources */,
			);
			runOnlyForDeploymentPostprocessing = 0;
		};
/* End PBXResourcesBuildPhase section */

/* Begin PBXSourcesBuildPhase section */
		9955DB8323D7E420007786D5 /* Sources */ = {
			isa = PBXSourcesBuildPhase;
			buildActionMask = 2147483647;
			files = (
				9955DBAE23D7E4E4007786D5 /* LevelData.swift in Sources */,
				994625A52C720A6C00FC2C6A /* MainView.swift in Sources */,
				994625BB2C76022C00FC2C6A /* Zodiac.swift in Sources */,
				994625B92C74A3F700FC2C6A /* SelectZodiacView.swift in Sources */,
				994625B42C74A06000FC2C6A /* LevelFailedView.swift in Sources */,
				994625A72C720AA600FC2C6A /* SelectLevelView.swift in Sources */,
				9949A9232C8035E20027C480 /* ZodiacRecord.swift in Sources */,
				9955DBE123D7F84D007786D5 /* Color+Extension.swift in Sources */,
				994625A32C720A2800FC2C6A /* Match3GameApp.swift in Sources */,
				994625BD2C76092000FC2C6A /* SKSpriteNode+Entension.swift in Sources */,
				994625C12C7860CD00FC2C6A /* SettingModel.swift in Sources */,
				994625C62C7AC31F00FC2C6A /* LevelTarget.swift in Sources */,
				99AA8BED23D9597B001EBD04 /* BackgroundMusicManager.swift in Sources */,
				994625AC2C720E5600FC2C6A /* GameModel.swift in Sources */,
				9955DBB423D7E4E4007786D5 /* Symbol.swift in Sources */,
				9955DBB223D7E4E4007786D5 /* Swap.swift in Sources */,
				9955DBAF23D7E4E4007786D5 /* Chain.swift in Sources */,
				994625C32C7AB14600FC2C6A /* LevelGoal.swift in Sources */,
				9955DBA423D7E4D2007786D5 /* SKSpriteNode+Extension.swift in Sources */,
				9949A9262C8035EF0027C480 /* LevelRecord.swift in Sources */,
				994625BF2C784CCB00FC2C6A /* ThemeModel.swift in Sources */,
				9949A9282C805FAA0027C480 /* RecorderManager.swift in Sources */,
				9955DBB623D7E4E4007786D5 /* GameScene.swift in Sources */,
				9955DBDF23D7EA14007786D5 /* Constants.swift in Sources */,
				9971C95425FC6705008CFCF9 /* UIFont+Extension.swift in Sources */,
				9971C95525FC6705008CFCF9 /* UIButtonLargerArea.swift in Sources */,
				9955DBB123D7E4E4007786D5 /* Tile.swift in Sources */,
				9971C95325FC6705008CFCF9 /* AdManager.swift in Sources */,
				9971C95E25FC6753008CFCF9 /* AppItem.swift in Sources */,
				9955DBB523D7E4E4007786D5 /* Level.swift in Sources */,
				994625B62C74A3D700FC2C6A /* SettingsView.swift in Sources */,
				994625A92C720AE900FC2C6A /* GameView.swift in Sources */,
				994625B22C7493ED00FC2C6A /* LevelCompleteView.swift in Sources */,
				9955DBB023D7E4E4007786D5 /* Array2D.swift in Sources */,
			);
			runOnlyForDeploymentPostprocessing = 0;
		};
/* End PBXSourcesBuildPhase section */

/* Begin PBXVariantGroup section */
		9955DB9923D7E424007786D5 /* LaunchScreen.storyboard */ = {
			isa = PBXVariantGroup;
			children = (
				9955DB9A23D7E424007786D5 /* Base */,
			);
			name = LaunchScreen.storyboard;
			sourceTree = "<group>";
		};
		9955DBEA23D80648007786D5 /* Localizable.strings */ = {
			isa = PBXVariantGroup;
			children = (
				9955DBE923D80648007786D5 /* en */,
				9955DBEB23D80658007786D5 /* zh-Hans */,
				9971C97D25FC67FC008CFCF9 /* zh-Hant */,
			);
			name = Localizable.strings;
			sourceTree = "<group>";
		};
		9955DBF023D823F9007786D5 /* InfoPlist.strings */ = {
			isa = PBXVariantGroup;
			children = (
				9955DBEF23D823F9007786D5 /* en */,
				9955DBF123D823FA007786D5 /* zh-Hans */,
				9971C97C25FC67FB008CFCF9 /* zh-Hant */,
			);
			name = InfoPlist.strings;
			sourceTree = "<group>";
		};
/* End PBXVariantGroup section */

/* Begin XCBuildConfiguration section */
		9955DB9D23D7E424007786D5 /* Debug */ = {
			isa = XCBuildConfiguration;
			baseConfigurationReference = 99340CE02C715DC20096BBF5 /* Debug.xcconfig */;
			buildSettings = {
				ALWAYS_SEARCH_USER_PATHS = NO;
				ASSETCATALOG_COMPILER_GENERATE_SWIFT_ASSET_SYMBOL_EXTENSIONS = YES;
				CLANG_ANALYZER_LOCALIZABILITY_NONLOCALIZED = YES;
				CLANG_ANALYZER_NONNULL = YES;
				CLANG_ANALYZER_NUMBER_OBJECT_CONVERSION = YES_AGGRESSIVE;
				CLANG_CXX_LANGUAGE_STANDARD = "gnu++14";
				CLANG_CXX_LIBRARY = "libc++";
				CLANG_ENABLE_MODULES = YES;
				CLANG_ENABLE_OBJC_ARC = YES;
				CLANG_ENABLE_OBJC_WEAK = YES;
				CLANG_WARN_BLOCK_CAPTURE_AUTORELEASING = YES;
				CLANG_WARN_BOOL_CONVERSION = YES;
				CLANG_WARN_COMMA = YES;
				CLANG_WARN_CONSTANT_CONVERSION = YES;
				CLANG_WARN_DEPRECATED_OBJC_IMPLEMENTATIONS = YES;
				CLANG_WARN_DIRECT_OBJC_ISA_USAGE = YES_ERROR;
				CLANG_WARN_DOCUMENTATION_COMMENTS = YES;
				CLANG_WARN_EMPTY_BODY = YES;
				CLANG_WARN_ENUM_CONVERSION = YES;
				CLANG_WARN_INFINITE_RECURSION = YES;
				CLANG_WARN_INT_CONVERSION = YES;
				CLANG_WARN_NON_LITERAL_NULL_CONVERSION = YES;
				CLANG_WARN_OBJC_IMPLICIT_RETAIN_SELF = YES;
				CLANG_WARN_OBJC_LITERAL_CONVERSION = YES;
				CLANG_WARN_OBJC_ROOT_CLASS = YES_ERROR;
				CLANG_WARN_QUOTED_INCLUDE_IN_FRAMEWORK_HEADER = YES;
				CLANG_WARN_RANGE_LOOP_ANALYSIS = YES;
				CLANG_WARN_STRICT_PROTOTYPES = YES;
				CLANG_WARN_SUSPICIOUS_MOVE = YES;
				CLANG_WARN_UNGUARDED_AVAILABILITY = YES_AGGRESSIVE;
				CLANG_WARN_UNREACHABLE_CODE = YES;
				CLANG_WARN__DUPLICATE_METHOD_MATCH = YES;
				COPY_PHASE_STRIP = NO;
				DEBUG_INFORMATION_FORMAT = dwarf;
				ENABLE_STRICT_OBJC_MSGSEND = YES;
				ENABLE_TESTABILITY = YES;
				ENABLE_USER_SCRIPT_SANDBOXING = YES;
				GCC_C_LANGUAGE_STANDARD = gnu11;
				GCC_DYNAMIC_NO_PIC = NO;
				GCC_NO_COMMON_BLOCKS = YES;
				GCC_OPTIMIZATION_LEVEL = 0;
				GCC_PREPROCESSOR_DEFINITIONS = (
					"DEBUG=1",
					"$(inherited)",
				);
				GCC_WARN_64_TO_32_BIT_CONVERSION = YES;
				GCC_WARN_ABOUT_RETURN_TYPE = YES_ERROR;
				GCC_WARN_UNDECLARED_SELECTOR = YES;
				GCC_WARN_UNINITIALIZED_AUTOS = YES_AGGRESSIVE;
				GCC_WARN_UNUSED_FUNCTION = YES;
				GCC_WARN_UNUSED_VARIABLE = YES;
				IPHONEOS_DEPLOYMENT_TARGET = 17.0;
				MTL_ENABLE_DEBUG_INFO = INCLUDE_SOURCE;
				MTL_FAST_MATH = YES;
				ONLY_ACTIVE_ARCH = YES;
				SDKROOT = iphoneos;
				SWIFT_ACTIVE_COMPILATION_CONDITIONS = DEBUG;
				SWIFT_OPTIMIZATION_LEVEL = "-Onone";
			};
			name = Debug;
		};
		9955DB9E23D7E424007786D5 /* Release */ = {
			isa = XCBuildConfiguration;
			baseConfigurationReference = 99340CE42C7160AF0096BBF5 /* Release.xcconfig */;
			buildSettings = {
				ALWAYS_SEARCH_USER_PATHS = NO;
				ASSETCATALOG_COMPILER_GENERATE_SWIFT_ASSET_SYMBOL_EXTENSIONS = YES;
				CLANG_ANALYZER_LOCALIZABILITY_NONLOCALIZED = YES;
				CLANG_ANALYZER_NONNULL = YES;
				CLANG_ANALYZER_NUMBER_OBJECT_CONVERSION = YES_AGGRESSIVE;
				CLANG_CXX_LANGUAGE_STANDARD = "gnu++14";
				CLANG_CXX_LIBRARY = "libc++";
				CLANG_ENABLE_MODULES = YES;
				CLANG_ENABLE_OBJC_ARC = YES;
				CLANG_ENABLE_OBJC_WEAK = YES;
				CLANG_WARN_BLOCK_CAPTURE_AUTORELEASING = YES;
				CLANG_WARN_BOOL_CONVERSION = YES;
				CLANG_WARN_COMMA = YES;
				CLANG_WARN_CONSTANT_CONVERSION = YES;
				CLANG_WARN_DEPRECATED_OBJC_IMPLEMENTATIONS = YES;
				CLANG_WARN_DIRECT_OBJC_ISA_USAGE = YES_ERROR;
				CLANG_WARN_DOCUMENTATION_COMMENTS = YES;
				CLANG_WARN_EMPTY_BODY = YES;
				CLANG_WARN_ENUM_CONVERSION = YES;
				CLANG_WARN_INFINITE_RECURSION = YES;
				CLANG_WARN_INT_CONVERSION = YES;
				CLANG_WARN_NON_LITERAL_NULL_CONVERSION = YES;
				CLANG_WARN_OBJC_IMPLICIT_RETAIN_SELF = YES;
				CLANG_WARN_OBJC_LITERAL_CONVERSION = YES;
				CLANG_WARN_OBJC_ROOT_CLASS = YES_ERROR;
				CLANG_WARN_QUOTED_INCLUDE_IN_FRAMEWORK_HEADER = YES;
				CLANG_WARN_RANGE_LOOP_ANALYSIS = YES;
				CLANG_WARN_STRICT_PROTOTYPES = YES;
				CLANG_WARN_SUSPICIOUS_MOVE = YES;
				CLANG_WARN_UNGUARDED_AVAILABILITY = YES_AGGRESSIVE;
				CLANG_WARN_UNREACHABLE_CODE = YES;
				CLANG_WARN__DUPLICATE_METHOD_MATCH = YES;
				COPY_PHASE_STRIP = NO;
				DEBUG_INFORMATION_FORMAT = "dwarf-with-dsym";
				ENABLE_NS_ASSERTIONS = NO;
				ENABLE_STRICT_OBJC_MSGSEND = YES;
				ENABLE_USER_SCRIPT_SANDBOXING = YES;
				GCC_C_LANGUAGE_STANDARD = gnu11;
				GCC_NO_COMMON_BLOCKS = YES;
				GCC_WARN_64_TO_32_BIT_CONVERSION = YES;
				GCC_WARN_ABOUT_RETURN_TYPE = YES_ERROR;
				GCC_WARN_UNDECLARED_SELECTOR = YES;
				GCC_WARN_UNINITIALIZED_AUTOS = YES_AGGRESSIVE;
				GCC_WARN_UNUSED_FUNCTION = YES;
				GCC_WARN_UNUSED_VARIABLE = YES;
				IPHONEOS_DEPLOYMENT_TARGET = 17.0;
				MTL_ENABLE_DEBUG_INFO = NO;
				MTL_FAST_MATH = YES;
				SDKROOT = iphoneos;
				SWIFT_COMPILATION_MODE = wholemodule;
				SWIFT_OPTIMIZATION_LEVEL = "-O";
				VALIDATE_PRODUCT = YES;
			};
			name = Release;
		};
		9955DBA023D7E424007786D5 /* Debug */ = {
			isa = XCBuildConfiguration;
			buildSettings = {
				ASSETCATALOG_COMPILER_APPICON_NAME = AppIcon;
				CODE_SIGN_STYLE = Automatic;
				CURRENT_PROJECT_VERSION = 2409011304;
				DEVELOPMENT_TEAM = F694X76A5X;
				INFOPLIST_FILE = SpringFestivalCrush/Info.plist;
				IPHONEOS_DEPLOYMENT_TARGET = 17.0;
				LD_RUNPATH_SEARCH_PATHS = (
					"$(inherited)",
					"@executable_path/Frameworks",
				);
				MARKETING_VERSION = 2.0;
				PRODUCT_BUNDLE_IDENTIFIER = "com.Banghua-Zhao.Spring-Festival-Crush";
				PRODUCT_NAME = "$(TARGET_NAME)";
				SWIFT_VERSION = 5.0;
				TARGETED_DEVICE_FAMILY = "1,2";
			};
			name = Debug;
		};
		9955DBA123D7E424007786D5 /* Release */ = {
			isa = XCBuildConfiguration;
			buildSettings = {
				ASSETCATALOG_COMPILER_APPICON_NAME = AppIcon;
				CODE_SIGN_STYLE = Automatic;
				CURRENT_PROJECT_VERSION = 2409011304;
				DEVELOPMENT_TEAM = F694X76A5X;
				INFOPLIST_FILE = SpringFestivalCrush/Info.plist;
				IPHONEOS_DEPLOYMENT_TARGET = 17.0;
				LD_RUNPATH_SEARCH_PATHS = (
					"$(inherited)",
					"@executable_path/Frameworks",
				);
				MARKETING_VERSION = 2.0;
				PRODUCT_BUNDLE_IDENTIFIER = "com.Banghua-Zhao.Spring-Festival-Crush";
				PRODUCT_NAME = "$(TARGET_NAME)";
				SWIFT_VERSION = 5.0;
				TARGETED_DEVICE_FAMILY = "1,2";
			};
			name = Release;
		};
/* End XCBuildConfiguration section */

/* Begin XCConfigurationList section */
		9955DB8223D7E420007786D5 /* Build configuration list for PBXProject "SpringFestivalCrush" */ = {
			isa = XCConfigurationList;
			buildConfigurations = (
				9955DB9D23D7E424007786D5 /* Debug */,
				9955DB9E23D7E424007786D5 /* Release */,
			);
			defaultConfigurationIsVisible = 0;
			defaultConfigurationName = Release;
		};
		9955DB9F23D7E424007786D5 /* Build configuration list for PBXNativeTarget "SpringFestivalCrush" */ = {
			isa = XCConfigurationList;
			buildConfigurations = (
				9955DBA023D7E424007786D5 /* Debug */,
				9955DBA123D7E424007786D5 /* Release */,
			);
			defaultConfigurationIsVisible = 0;
			defaultConfigurationName = Release;
		};
/* End XCConfigurationList section */

/* Begin XCRemoteSwiftPackageReference section */
		992A79902C81E3A50053159D /* XCRemoteSwiftPackageReference "EasyToast" */ = {
			isa = XCRemoteSwiftPackageReference;
			repositoryURL = "https://github.com/banghuazhao/EasyToast";
			requirement = {
				branch = main;
				kind = branch;
			};
		};
		994625912C71CC9000FC2C6A /* XCRemoteSwiftPackageReference "Localize-Swift" */ = {
			isa = XCRemoteSwiftPackageReference;
			repositoryURL = "https://github.com/marmelroy/Localize-Swift.git";
			requirement = {
				kind = upToNextMajorVersion;
				minimumVersion = 3.2.0;
			};
		};
		994625942C71CC9A00FC2C6A /* XCRemoteSwiftPackageReference "swift-package-manager-google-mobile-ads" */ = {
			isa = XCRemoteSwiftPackageReference;
			repositoryURL = "https://github.com/googleads/swift-package-manager-google-mobile-ads.git";
			requirement = {
				kind = upToNextMajorVersion;
				minimumVersion = 11.8.0;
			};
		};
		9946259C2C71CD5700FC2C6A /* XCRemoteSwiftPackageReference "Then" */ = {
			isa = XCRemoteSwiftPackageReference;
			repositoryURL = "https://github.com/devxoul/Then";
			requirement = {
				kind = upToNextMajorVersion;
				minimumVersion = 3.0.0;
			};
		};
		9946259F2C71CD9600FC2C6A /* XCRemoteSwiftPackageReference "SnapKit" */ = {
			isa = XCRemoteSwiftPackageReference;
			repositoryURL = "https://github.com/SnapKit/SnapKit.git";
			requirement = {
				kind = upToNextMajorVersion;
				minimumVersion = 5.7.1;
			};
		};
/* End XCRemoteSwiftPackageReference section */

/* Begin XCSwiftPackageProductDependency section */
		992A79912C81E3A50053159D /* EasyToast */ = {
			isa = XCSwiftPackageProductDependency;
			package = 992A79902C81E3A50053159D /* XCRemoteSwiftPackageReference "EasyToast" */;
			productName = EasyToast;
		};
		994625922C71CC9000FC2C6A /* Localize_Swift */ = {
			isa = XCSwiftPackageProductDependency;
			package = 994625912C71CC9000FC2C6A /* XCRemoteSwiftPackageReference "Localize-Swift" */;
			productName = Localize_Swift;
		};
		994625952C71CC9A00FC2C6A /* GoogleMobileAds */ = {
			isa = XCSwiftPackageProductDependency;
			package = 994625942C71CC9A00FC2C6A /* XCRemoteSwiftPackageReference "swift-package-manager-google-mobile-ads" */;
			productName = GoogleMobileAds;
		};
		9946259D2C71CD5700FC2C6A /* Then */ = {
			isa = XCSwiftPackageProductDependency;
			package = 9946259C2C71CD5700FC2C6A /* XCRemoteSwiftPackageReference "Then" */;
			productName = Then;
		};
		994625A02C71CD9600FC2C6A /* SnapKit */ = {
			isa = XCSwiftPackageProductDependency;
			package = 9946259F2C71CD9600FC2C6A /* XCRemoteSwiftPackageReference "SnapKit" */;
			productName = SnapKit;
		};
		9967C2B02C818ECC008263AE /* EasyToast */ = {
			isa = XCSwiftPackageProductDependency;
			productName = EasyToast;
		};
/* End XCSwiftPackageProductDependency section */
	};
	rootObject = 9955DB7F23D7E420007786D5 /* Project object */;
}
